
Microsoft Visual Studio Solution File, Format Version 12.00
# Visual Studio Version 17
VisualStudioVersion = 17.14.36301.6
MinimumVisualStudioVersion = 10.0.40219.1
Project("{8BC9CEB8-8B4A-11D0-8D11-00A0C91BC942}") = "Program", "Program\Program.vcxproj", "{5F5323F8-3D50-4685-86BC-3C1549DA0265}"
EndProject
Project("{8BC9CEB8-8B4A-11D0-8D11-00A0C91BC942}") = "Class1th (Time)", "Class1th (Time)\Class1th (Time).vcxproj", "{1684F52F-A743-40F1-954F-7DB35B7979DD}"
EndProject
Project("{8BC9CEB8-8B4A-11D0-8D11-00A0C91BC942}") = "Class2th (File Input & Output)", "Class2th (File Input & Output)\Class2th (File Input & Output).vcxproj", "{DA3B40E4-AD5C-4D6F-A453-962148214712}"
EndProject
Project("{8BC9CEB8-8B4A-11D0-8D11-00A0C91BC942}") = "Class3th (Input System)", "Class3th (keyboard)\Class3th (keyboard).vcxproj", "{91BF1616-153F-4A50-AFB8-8D7E324258A4}"
EndProject
Project("{8BC9CEB8-8B4A-11D0-8D11-00A0C91BC942}") = "Class4th (Position System)", "Class4th (Position System)\Class4th (Position System).vcxproj", "{2F2E2E57-BD2B-41B2-BA20-08DA4F3A23A8}"
EndProject
Project("{8BC9CEB8-8B4A-11D0-8D11-00A0C91BC942}") = "Class5th (double Buffer)", "Class5th (double Buffer)\Class5th (double Buffer).vcxproj", "{955C835E-EEB3-4409-9F95-508055A7F6BE}"
EndProject
Project("{8BC9CEB8-8B4A-11D0-8D11-00A0C91BC942}") = "Class6th (Enumeration)", "Class6th (Enumeration)\Class6th (Enumeration).vcxproj", "{031F23BB-696A-4A4E-8606-F7716D219592}"
EndProject
Global
	GlobalSection(SolutionConfigurationPlatforms) = preSolution
		Debug|x64 = Debug|x64
		Debug|x86 = Debug|x86
		Release|x64 = Release|x64
		Release|x86 = Release|x86
	EndGlobalSection
	GlobalSection(ProjectConfigurationPlatforms) = postSolution
		{5F5323F8-3D50-4685-86BC-3C1549DA0265}.Debug|x64.ActiveCfg = Debug|x64
		{5F5323F8-3D50-4685-86BC-3C1549DA0265}.Debug|x64.Build.0 = Debug|x64
		{5F5323F8-3D50-4685-86BC-3C1549DA0265}.Debug|x86.ActiveCfg = Debug|Win32
		{5F5323F8-3D50-4685-86BC-3C1549DA0265}.Debug|x86.Build.0 = Debug|Win32
		{5F5323F8-3D50-4685-86BC-3C1549DA0265}.Release|x64.ActiveCfg = Release|x64
		{5F5323F8-3D50-4685-86BC-3C1549DA0265}.Release|x64.Build.0 = Release|x64
		{5F5323F8-3D50-4685-86BC-3C1549DA0265}.Release|x86.ActiveCfg = Release|Win32
		{5F5323F8-3D50-4685-86BC-3C1549DA0265}.Release|x86.Build.0 = Release|Win32
		{1684F52F-A743-40F1-954F-7DB35B7979DD}.Debug|x64.ActiveCfg = Debug|x64
		{1684F52F-A743-40F1-954F-7DB35B7979DD}.Debug|x64.Build.0 = Debug|x64
		{1684F52F-A743-40F1-954F-7DB35B7979DD}.Debug|x86.ActiveCfg = Debug|Win32
		{1684F52F-A743-40F1-954F-7DB35B7979DD}.Debug|x86.Build.0 = Debug|Win32
		{1684F52F-A743-40F1-954F-7DB35B7979DD}.Release|x64.ActiveCfg = Release|x64
		{1684F52F-A743-40F1-954F-7DB35B7979DD}.Release|x64.Build.0 = Release|x64
		{1684F52F-A743-40F1-954F-7DB35B7979DD}.Release|x86.ActiveCfg = Release|Win32
		{1684F52F-A743-40F1-954F-7DB35B7979DD}.Release|x86.Build.0 = Release|Win32
		{DA3B40E4-AD5C-4D6F-A453-962148214712}.Debug|x64.ActiveCfg = Debug|x64
		{DA3B40E4-AD5C-4D6F-A453-962148214712}.Debug|x64.Build.0 = Debug|x64
		{DA3B40E4-AD5C-4D6F-A453-962148214712}.Debug|x86.ActiveCfg = Debug|Win32
		{DA3B40E4-AD5C-4D6F-A453-962148214712}.Debug|x86.Build.0 = Debug|Win32
		{DA3B40E4-AD5C-4D6F-A453-962148214712}.Release|x64.ActiveCfg = Release|x64
		{DA3B40E4-AD5C-4D6F-A453-962148214712}.Release|x64.Build.0 = Release|x64
		{DA3B40E4-AD5C-4D6F-A453-962148214712}.Release|x86.ActiveCfg = Release|Win32
		{DA3B40E4-AD5C-4D6F-A453-962148214712}.Release|x86.Build.0 = Release|Win32
		{91BF1616-153F-4A50-AFB8-8D7E324258A4}.Debug|x64.ActiveCfg = Debug|x64
		{91BF1616-153F-4A50-AFB8-8D7E324258A4}.Debug|x64.Build.0 = Debug|x64
		{91BF1616-153F-4A50-AFB8-8D7E324258A4}.Debug|x86.ActiveCfg = Debug|Win32
		{91BF1616-153F-4A50-AFB8-8D7E324258A4}.Debug|x86.Build.0 = Debug|Win32
		{91BF1616-153F-4A50-AFB8-8D7E324258A4}.Release|x64.ActiveCfg = Release|x64
		{91BF1616-153F-4A50-AFB8-8D7E324258A4}.Release|x64.Build.0 = Release|x64
		{91BF1616-153F-4A50-AFB8-8D7E324258A4}.Release|x86.ActiveCfg = Release|Win32
		{91BF1616-153F-4A50-AFB8-8D7E324258A4}.Release|x86.Build.0 = Release|Win32
		{2F2E2E57-BD2B-41B2-BA20-08DA4F3A23A8}.Debug|x64.ActiveCfg = Debug|x64
		{2F2E2E57-BD2B-41B2-BA20-08DA4F3A23A8}.Debug|x64.Build.0 = Debug|x64
		{2F2E2E57-BD2B-41B2-BA20-08DA4F3A23A8}.Debug|x86.ActiveCfg = Debug|Win32
		{2F2E2E57-BD2B-41B2-BA20-08DA4F3A23A8}.Debug|x86.Build.0 = Debug|Win32
		{2F2E2E57-BD2B-41B2-BA20-08DA4F3A23A8}.Release|x64.ActiveCfg = Release|x64
		{2F2E2E57-BD2B-41B2-BA20-08DA4F3A23A8}.Release|x64.Build.0 = Release|x64
		{2F2E2E57-BD2B-41B2-BA20-08DA4F3A23A8}.Release|x86.ActiveCfg = Release|Win32
		{2F2E2E57-BD2B-41B2-BA20-08DA4F3A23A8}.Release|x86.Build.0 = Release|Win32
		{955C835E-EEB3-4409-9F95-508055A7F6BE}.Debug|x64.ActiveCfg = Debug|x64
		{955C835E-EEB3-4409-9F95-508055A7F6BE}.Debug|x64.Build.0 = Debug|x64
		{955C835E-EEB3-4409-9F95-508055A7F6BE}.Debug|x86.ActiveCfg = Debug|Win32
		{955C835E-EEB3-4409-9F95-508055A7F6BE}.Debug|x86.Build.0 = Debug|Win32
		{955C835E-EEB3-4409-9F95-508055A7F6BE}.Release|x64.ActiveCfg = Release|x64
		{955C835E-EEB3-4409-9F95-508055A7F6BE}.Release|x64.Build.0 = Release|x64
		{955C835E-EEB3-4409-9F95-508055A7F6BE}.Release|x86.ActiveCfg = Release|Win32
		{955C835E-EEB3-4409-9F95-508055A7F6BE}.Release|x86.Build.0 = Release|Win32
		{031F23BB-696A-4A4E-8606-F7716D219592}.Debug|x64.ActiveCfg = Debug|x64
		{031F23BB-696A-4A4E-8606-F7716D219592}.Debug|x64.Build.0 = Debug|x64
		{031F23BB-696A-4A4E-8606-F7716D219592}.Debug|x86.ActiveCfg = Debug|Win32
		{031F23BB-696A-4A4E-8606-F7716D219592}.Debug|x86.Build.0 = Debug|Win32
		{031F23BB-696A-4A4E-8606-F7716D219592}.Release|x64.ActiveCfg = Release|x64
		{031F23BB-696A-4A4E-8606-F7716D219592}.Release|x64.Build.0 = Release|x64
		{031F23BB-696A-4A4E-8606-F7716D219592}.Release|x86.ActiveCfg = Release|Win32
		{031F23BB-696A-4A4E-8606-F7716D219592}.Release|x86.Build.0 = Release|Win32
	EndGlobalSection
	GlobalSection(SolutionProperties) = preSolution
		HideSolutionNode = FALSE
	EndGlobalSection
	GlobalSection(ExtensibilityGlobals) = postSolution
		SolutionGuid = {CB651729-CD6C-4794-A110-76A21564DEA6}
	EndGlobalSection
EndGlobal
